
Microsoft Visual Studio Solution File, Format Version 12.00
# Visual Studio Version 17
VisualStudioVersion = 17.3.32901.215
MinimumVisualStudioVersion = 10.0.40219.1
Project("{FAE04EC0-301F-11D3-BF4B-00C04F79EFBC}") = "doAnGiay", "doAnGiay\doAnGiay.csproj", "{7297A460-F134-4392-9540-93D50482C2DF}"
EndProject
Global
	GlobalSection(SolutionConfigurationPlatforms) = preSolution
		Debug|Any CPU = Debug|Any CPU
		Release|Any CPU = Release|Any CPU
	EndGlobalSection
	GlobalSection(ProjectConfigurationPlatforms) = postSolution
		{7297A460-F134-4392-9540-93D50482C2DF}.Debug|Any CPU.ActiveCfg = Debug|Any CPU
		{7297A460-F134-4392-9540-93D50482C2DF}.Debug|Any CPU.Build.0 = Debug|Any CPU
		{7297A460-F134-4392-9540-93D50482C2DF}.Release|Any CPU.ActiveCfg = Release|Any CPU
		{7297A460-F134-4392-9540-93D50482C2DF}.Release|Any CPU.Build.0 = Release|Any CPU
	EndGlobalSection
	GlobalSection(SolutionProperties) = preSolution
		HideSolutionNode = FALSE
	EndGlobalSection
	GlobalSection(ExtensibilityGlobals) = postSolution
		SolutionGuid = {C37884B7-B1F0-45DD-8ADB-92726A2F42CF}
	EndGlobalSection
EndGlobal
